
Microsoft Visual Studio Solution File, Format Version 12.00
# Visual Studio Version 16
VisualStudioVersion = 16.0.29728.190
MinimumVisualStudioVersion = 10.0.40219.1
Project("{9A19103F-16F7-4668-BE54-9A1E7A4F7556}") = "Owleye.Model", "src\Core\Owleye.Model\Owleye.Model.csproj", "{B898F267-1FF5-4F35-B759-30243FEE6595}"
EndProject
Project("{9A19103F-16F7-4668-BE54-9A1E7A4F7556}") = "Owleye.Service", "src\Core\Owleye.Service\Owleye.Service.csproj", "{CDB8E48E-9FB9-4804-B921-43B12277FC33}"
EndProject
Project("{9A19103F-16F7-4668-BE54-9A1E7A4F7556}") = "Owleye.Common", "src\Core\Owleye.Common\Owleye.Common.csproj", "{65E9E9FC-C9C6-4346-84FB-1D4231047F9A}"
EndProject
Project("{9A19103F-16F7-4668-BE54-9A1E7A4F7556}") = "Owleye", "src\Owleye\Owleye.csproj", "{44B00B11-B2E2-446F-B3E7-6DFBFF069469}"
EndProject
Global
	GlobalSection(SolutionConfigurationPlatforms) = preSolution
		Debug|Any CPU = Debug|Any CPU
		Release|Any CPU = Release|Any CPU
	EndGlobalSection
	GlobalSection(ProjectConfigurationPlatforms) = postSolution
		{B898F267-1FF5-4F35-B759-30243FEE6595}.Debug|Any CPU.ActiveCfg = Debug|Any CPU
		{B898F267-1FF5-4F35-B759-30243FEE6595}.Debug|Any CPU.Build.0 = Debug|Any CPU
		{B898F267-1FF5-4F35-B759-30243FEE6595}.Release|Any CPU.ActiveCfg = Release|Any CPU
		{B898F267-1FF5-4F35-B759-30243FEE6595}.Release|Any CPU.Build.0 = Release|Any CPU
		{CDB8E48E-9FB9-4804-B921-43B12277FC33}.Debug|Any CPU.ActiveCfg = Debug|Any CPU
		{CDB8E48E-9FB9-4804-B921-43B12277FC33}.Debug|Any CPU.Build.0 = Debug|Any CPU
		{CDB8E48E-9FB9-4804-B921-43B12277FC33}.Release|Any CPU.ActiveCfg = Release|Any CPU
		{CDB8E48E-9FB9-4804-B921-43B12277FC33}.Release|Any CPU.Build.0 = Release|Any CPU
		{65E9E9FC-C9C6-4346-84FB-1D4231047F9A}.Debug|Any CPU.ActiveCfg = Debug|Any CPU
		{65E9E9FC-C9C6-4346-84FB-1D4231047F9A}.Debug|Any CPU.Build.0 = Debug|Any CPU
		{65E9E9FC-C9C6-4346-84FB-1D4231047F9A}.Release|Any CPU.ActiveCfg = Release|Any CPU
		{65E9E9FC-C9C6-4346-84FB-1D4231047F9A}.Release|Any CPU.Build.0 = Release|Any CPU
		{44B00B11-B2E2-446F-B3E7-6DFBFF069469}.Debug|Any CPU.ActiveCfg = Debug|Any CPU
		{44B00B11-B2E2-446F-B3E7-6DFBFF069469}.Debug|Any CPU.Build.0 = Debug|Any CPU
		{44B00B11-B2E2-446F-B3E7-6DFBFF069469}.Release|Any CPU.ActiveCfg = Release|Any CPU
		{44B00B11-B2E2-446F-B3E7-6DFBFF069469}.Release|Any CPU.Build.0 = Release|Any CPU
	EndGlobalSection
	GlobalSection(SolutionProperties) = preSolution
		HideSolutionNode = FALSE
	EndGlobalSection
	GlobalSection(ExtensibilityGlobals) = postSolution
		SolutionGuid = {92BB3B15-89A1-4F11-AC86-D59B9993A7CF}
	EndGlobalSection
EndGlobal
